
Microsoft Visual Studio Solution File, Format Version 12.00
# Visual Studio Version 16
VisualStudioVersion = 16.0.30128.74
MinimumVisualStudioVersion = 10.0.40219.1
Project("{FAE04EC0-301F-11D3-BF4B-00C04F79EFBC}") = "Primes.Web", "Primes.Web\Primes.Web.csproj", "{C2E6FF48-F636-4B4F-901C-5B0ED5C2C070}"
EndProject
Global
	GlobalSection(SolutionConfigurationPlatforms) = preSolution
		Debug|Any CPU = Debug|Any CPU
		Release|Any CPU = Release|Any CPU
	EndGlobalSection
	GlobalSection(ProjectConfigurationPlatforms) = postSolution
		{C2E6FF48-F636-4B4F-901C-5B0ED5C2C070}.Debug|Any CPU.ActiveCfg = Debug|Any CPU
		{C2E6FF48-F636-4B4F-901C-5B0ED5C2C070}.Debug|Any CPU.Build.0 = Debug|Any CPU
		{C2E6FF48-F636-4B4F-901C-5B0ED5C2C070}.Release|Any CPU.ActiveCfg = Release|Any CPU
		{C2E6FF48-F636-4B4F-901C-5B0ED5C2C070}.Release|Any CPU.Build.0 = Release|Any CPU
	EndGlobalSection
	GlobalSection(SolutionProperties) = preSolution
		HideSolutionNode = FALSE
	EndGlobalSection
	GlobalSection(ExtensibilityGlobals) = postSolution
		SolutionGuid = {E9ABBC24-EFE3-4464-A50D-192E931B9D53}
	EndGlobalSection
EndGlobal
